
Microsoft Visual Studio Solution File, Format Version 12.00
# Visual Studio Version 17
VisualStudioVersion = 17.5.33209.295
MinimumVisualStudioVersion = 10.0.40219.1
Project("{8BC9CEB8-8B4A-11D0-8D11-00A0C91BC942}") = "MFCApplication", "MFCApplication\MFCApplication.vcxproj", "{D6BA1DFD-5885-4FDB-8ABF-FD21442DE0E9}"
	ProjectSection(ProjectDependencies) = postProject
		{CD8F1503-7B21-49BC-A692-7C4B1EE80B75} = {CD8F1503-7B21-49BC-A692-7C4B1EE80B75}
		{1F8BF540-BD77-4680-B789-43BF11365F53} = {1F8BF540-BD77-4680-B789-43BF11365F53}
		{BBCE167E-22C4-4793-94AC-DA9111360A43} = {BBCE167E-22C4-4793-94AC-DA9111360A43}
	EndProjectSection
EndProject
Project("{8BC9CEB8-8B4A-11D0-8D11-00A0C91BC942}") = "MFCDLL", "MFCDLL\MFCDLL.vcxproj", "{34147591-1D9D-4982-8F7D-65F3A7CDE8CD}"
	ProjectSection(ProjectDependencies) = postProject
		{0B0248F4-287B-448B-BB2D-468027F09E3E} = {0B0248F4-287B-448B-BB2D-468027F09E3E}
	EndProjectSection
EndProject
Project("{8BC9CEB8-8B4A-11D0-8D11-00A0C91BC942}") = "MFCstatic", "MFCstatic\MFCstatic.vcxproj", "{0B0248F4-287B-448B-BB2D-468027F09E3E}"
EndProject
Project("{8BC9CEB8-8B4A-11D0-8D11-00A0C91BC942}") = "dumpexts", "dumpexts\dumpexts.vcxproj", "{BBCE167E-22C4-4793-94AC-DA9111360A43}"
EndProject
Project("{8BC9CEB8-8B4A-11D0-8D11-00A0C91BC942}") = "MFCres", "MFCres\MFCres.vcxproj", "{CD8F1503-7B21-49BC-A692-7C4B1EE80B75}"
EndProject
Project("{8BC9CEB8-8B4A-11D0-8D11-00A0C91BC942}") = "Circ", "circ\circ.vcxproj", "{1F8BF540-BD77-4680-B789-43BF11365F53}"
EndProject
Project("{8BC9CEB8-8B4A-11D0-8D11-00A0C91BC942}") = "MFCMLIB", "MFCMLIB\MFCMLIB.vcxproj", "{F11AF5AF-C3A5-4A34-9BBB-CF8EF5D488F4}"
EndProject
Global
	GlobalSection(SolutionConfigurationPlatforms) = preSolution
		Debug|ARM64 = Debug|ARM64
		Debug|x64 = Debug|x64
		Debug|x86 = Debug|x86
		Release|ARM64 = Release|ARM64
		Release|x64 = Release|x64
		Release|x86 = Release|x86
	EndGlobalSection
	GlobalSection(ProjectConfigurationPlatforms) = postSolution
		{D6BA1DFD-5885-4FDB-8ABF-FD21442DE0E9}.Debug|ARM64.ActiveCfg = Debug|ARM64
		{D6BA1DFD-5885-4FDB-8ABF-FD21442DE0E9}.Debug|ARM64.Build.0 = Debug|ARM64
		{D6BA1DFD-5885-4FDB-8ABF-FD21442DE0E9}.Debug|x64.ActiveCfg = Debug|x64
		{D6BA1DFD-5885-4FDB-8ABF-FD21442DE0E9}.Debug|x64.Build.0 = Debug|x64
		{D6BA1DFD-5885-4FDB-8ABF-FD21442DE0E9}.Debug|x86.ActiveCfg = Debug|Win32
		{D6BA1DFD-5885-4FDB-8ABF-FD21442DE0E9}.Debug|x86.Build.0 = Debug|Win32
		{D6BA1DFD-5885-4FDB-8ABF-FD21442DE0E9}.Release|ARM64.ActiveCfg = Release|ARM64
		{D6BA1DFD-5885-4FDB-8ABF-FD21442DE0E9}.Release|ARM64.Build.0 = Release|ARM64
		{D6BA1DFD-5885-4FDB-8ABF-FD21442DE0E9}.Release|x64.ActiveCfg = Release|x64
		{D6BA1DFD-5885-4FDB-8ABF-FD21442DE0E9}.Release|x64.Build.0 = Release|x64
		{D6BA1DFD-5885-4FDB-8ABF-FD21442DE0E9}.Release|x86.ActiveCfg = Release|Win32
		{D6BA1DFD-5885-4FDB-8ABF-FD21442DE0E9}.Release|x86.Build.0 = Release|Win32
		{34147591-1D9D-4982-8F7D-65F3A7CDE8CD}.Debug|ARM64.ActiveCfg = Debug|ARM64
		{34147591-1D9D-4982-8F7D-65F3A7CDE8CD}.Debug|ARM64.Build.0 = Debug|ARM64
		{34147591-1D9D-4982-8F7D-65F3A7CDE8CD}.Debug|x64.ActiveCfg = Debug|x64
		{34147591-1D9D-4982-8F7D-65F3A7CDE8CD}.Debug|x64.Build.0 = Debug|x64
		{34147591-1D9D-4982-8F7D-65F3A7CDE8CD}.Debug|x86.ActiveCfg = Debug|Win32
		{34147591-1D9D-4982-8F7D-65F3A7CDE8CD}.Debug|x86.Build.0 = Debug|Win32
		{34147591-1D9D-4982-8F7D-65F3A7CDE8CD}.Release|ARM64.ActiveCfg = Release|ARM64
		{34147591-1D9D-4982-8F7D-65F3A7CDE8CD}.Release|ARM64.Build.0 = Release|ARM64
		{34147591-1D9D-4982-8F7D-65F3A7CDE8CD}.Release|x64.ActiveCfg = Release|x64
		{34147591-1D9D-4982-8F7D-65F3A7CDE8CD}.Release|x64.Build.0 = Release|x64
		{34147591-1D9D-4982-8F7D-65F3A7CDE8CD}.Release|x86.ActiveCfg = Release|Win32
		{34147591-1D9D-4982-8F7D-65F3A7CDE8CD}.Release|x86.Build.0 = Release|Win32
		{0B0248F4-287B-448B-BB2D-468027F09E3E}.Debug|ARM64.ActiveCfg = Debug|ARM64
		{0B0248F4-287B-448B-BB2D-468027F09E3E}.Debug|ARM64.Build.0 = Debug|ARM64
		{0B0248F4-287B-448B-BB2D-468027F09E3E}.Debug|x64.ActiveCfg = Debug|x64
		{0B0248F4-287B-448B-BB2D-468027F09E3E}.Debug|x64.Build.0 = Debug|x64
		{0B0248F4-287B-448B-BB2D-468027F09E3E}.Debug|x86.ActiveCfg = Debug|Win32
		{0B0248F4-287B-448B-BB2D-468027F09E3E}.Debug|x86.Build.0 = Debug|Win32
		{0B0248F4-287B-448B-BB2D-468027F09E3E}.Release|ARM64.ActiveCfg = Release|ARM64
		{0B0248F4-287B-448B-BB2D-468027F09E3E}.Release|ARM64.Build.0 = Release|ARM64
		{0B0248F4-287B-448B-BB2D-468027F09E3E}.Release|x64.ActiveCfg = Release|x64
		{0B0248F4-287B-448B-BB2D-468027F09E3E}.Release|x64.Build.0 = Release|x64
		{0B0248F4-287B-448B-BB2D-468027F09E3E}.Release|x86.ActiveCfg = Release|Win32
		{0B0248F4-287B-448B-BB2D-468027F09E3E}.Release|x86.Build.0 = Release|Win32
		{BBCE167E-22C4-4793-94AC-DA9111360A43}.Debug|ARM64.ActiveCfg = Debug|ARM64
		{BBCE167E-22C4-4793-94AC-DA9111360A43}.Debug|ARM64.Build.0 = Debug|ARM64
		{BBCE167E-22C4-4793-94AC-DA9111360A43}.Debug|x64.ActiveCfg = Debug|x64
		{BBCE167E-22C4-4793-94AC-DA9111360A43}.Debug|x64.Build.0 = Debug|x64
		{BBCE167E-22C4-4793-94AC-DA9111360A43}.Debug|x86.ActiveCfg = Debug|Win32
		{BBCE167E-22C4-4793-94AC-DA9111360A43}.Debug|x86.Build.0 = Debug|Win32
		{BBCE167E-22C4-4793-94AC-DA9111360A43}.Release|ARM64.ActiveCfg = Release|ARM64
		{BBCE167E-22C4-4793-94AC-DA9111360A43}.Release|ARM64.Build.0 = Release|ARM64
		{BBCE167E-22C4-4793-94AC-DA9111360A43}.Release|x64.ActiveCfg = Release|x64
		{BBCE167E-22C4-4793-94AC-DA9111360A43}.Release|x64.Build.0 = Release|x64
		{BBCE167E-22C4-4793-94AC-DA9111360A43}.Release|x86.ActiveCfg = Release|Win32
		{BBCE167E-22C4-4793-94AC-DA9111360A43}.Release|x86.Build.0 = Release|Win32
		{CD8F1503-7B21-49BC-A692-7C4B1EE80B75}.Debug|ARM64.ActiveCfg = Debug|ARM64
		{CD8F1503-7B21-49BC-A692-7C4B1EE80B75}.Debug|ARM64.Build.0 = Debug|ARM64
		{CD8F1503-7B21-49BC-A692-7C4B1EE80B75}.Debug|x64.ActiveCfg = Debug|x64
		{CD8F1503-7B21-49BC-A692-7C4B1EE80B75}.Debug|x64.Build.0 = Debug|x64
		{CD8F1503-7B21-49BC-A692-7C4B1EE80B75}.Debug|x86.ActiveCfg = Debug|Win32
		{CD8F1503-7B21-49BC-A692-7C4B1EE80B75}.Debug|x86.Build.0 = Debug|Win32
		{CD8F1503-7B21-49BC-A692-7C4B1EE80B75}.Release|ARM64.ActiveCfg = Release|ARM64
		{CD8F1503-7B21-49BC-A692-7C4B1EE80B75}.Release|ARM64.Build.0 = Release|ARM64
		{CD8F1503-7B21-49BC-A692-7C4B1EE80B75}.Release|x64.ActiveCfg = Release|x64
		{CD8F1503-7B21-49BC-A692-7C4B1EE80B75}.Release|x64.Build.0 = Release|x64
		{CD8F1503-7B21-49BC-A692-7C4B1EE80B75}.Release|x86.ActiveCfg = Release|Win32
		{CD8F1503-7B21-49BC-A692-7C4B1EE80B75}.Release|x86.Build.0 = Release|Win32
		{1F8BF540-BD77-4680-B789-43BF11365F53}.Debug|ARM64.ActiveCfg = Debug|ARM64
		{1F8BF540-BD77-4680-B789-43BF11365F53}.Debug|ARM64.Build.0 = Debug|ARM64
		{1F8BF540-BD77-4680-B789-43BF11365F53}.Debug|x64.ActiveCfg = Debug|x64
		{1F8BF540-BD77-4680-B789-43BF11365F53}.Debug|x64.Build.0 = Debug|x64
		{1F8BF540-BD77-4680-B789-43BF11365F53}.Debug|x86.ActiveCfg = Debug|Win32
		{1F8BF540-BD77-4680-B789-43BF11365F53}.Debug|x86.Build.0 = Debug|Win32
		{1F8BF540-BD77-4680-B789-43BF11365F53}.Release|ARM64.ActiveCfg = Release|ARM64
		{1F8BF540-BD77-4680-B789-43BF11365F53}.Release|ARM64.Build.0 = Release|ARM64
		{1F8BF540-BD77-4680-B789-43BF11365F53}.Release|x64.ActiveCfg = Release|x64
		{1F8BF540-BD77-4680-B789-43BF11365F53}.Release|x64.Build.0 = Release|x64
		{1F8BF540-BD77-4680-B789-43BF11365F53}.Release|x86.ActiveCfg = Release|Win32
		{1F8BF540-BD77-4680-B789-43BF11365F53}.Release|x86.Build.0 = Release|Win32
		{F11AF5AF-C3A5-4A34-9BBB-CF8EF5D488F4}.Debug|ARM64.ActiveCfg = Debug|ARM64
		{F11AF5AF-C3A5-4A34-9BBB-CF8EF5D488F4}.Debug|ARM64.Build.0 = Debug|ARM64
		{F11AF5AF-C3A5-4A34-9BBB-CF8EF5D488F4}.Debug|x64.ActiveCfg = Debug|x64
		{F11AF5AF-C3A5-4A34-9BBB-CF8EF5D488F4}.Debug|x64.Build.0 = Debug|x64
		{F11AF5AF-C3A5-4A34-9BBB-CF8EF5D488F4}.Debug|x86.ActiveCfg = Debug|Win32
		{F11AF5AF-C3A5-4A34-9BBB-CF8EF5D488F4}.Debug|x86.Build.0 = Debug|Win32
		{F11AF5AF-C3A5-4A34-9BBB-CF8EF5D488F4}.Release|ARM64.ActiveCfg = Release|ARM64
		{F11AF5AF-C3A5-4A34-9BBB-CF8EF5D488F4}.Release|ARM64.Build.0 = Release|ARM64
		{F11AF5AF-C3A5-4A34-9BBB-CF8EF5D488F4}.Release|x64.ActiveCfg = Release|x64
		{F11AF5AF-C3A5-4A34-9BBB-CF8EF5D488F4}.Release|x64.Build.0 = Release|x64
		{F11AF5AF-C3A5-4A34-9BBB-CF8EF5D488F4}.Release|x86.ActiveCfg = Release|Win32
		{F11AF5AF-C3A5-4A34-9BBB-CF8EF5D488F4}.Release|x86.Build.0 = Release|Win32
	EndGlobalSection
	GlobalSection(SolutionProperties) = preSolution
		HideSolutionNode = FALSE
	EndGlobalSection
	GlobalSection(ExtensibilityGlobals) = postSolution
		SolutionGuid = {C0039EAB-377F-461D-B213-3EAC16199C9A}
	EndGlobalSection
EndGlobal
