<?xml version="1.0" encoding="utf-8"?>
<Project ToolsVersion="4.0" xmlns="http://schemas.microsoft.com/developer/msbuild/2003">
  <ItemGroup>
    <ClCompile Include="$(VCToolsInstallDir)\atlmfc\src\mfc\appmodul.cpp" />
    <ClCompile Include="$(VCToolsInstallDir)\atlmfc\src\mfc\dllmodul.cpp" />
    <ClCompile Include="dllmodulX.cpp" />
    <ClCompile Include="$(VCToolsInstallDir)\atlmfc\src\mfc\dumpstak.cpp" />
    <ClCompile Include="$(VCToolsInstallDir)\atlmfc\src\mfc\nolib.cpp" />
    <ClCompile Include="$(VCToolsInstallDir)\atlmfc\src\mfc\oleexp.cpp" />
    <ClCompile Include="$(VCToolsInstallDir)\atlmfc\src\mfc\rawdllmainproxy.c" />
    <ClCompile Include="$(VCToolsInstallDir)\atlmfc\src\mfc\sockexp.cpp" />
    <ClCompile Include="$(VCToolsInstallDir)\atlmfc\src\mfc\stdafx.cpp" />
  </ItemGroup>
</Project>